<?xml version="1.0" encoding="utf-8"?>
<Project ToolsVersion="4.0" xmlns="http://schemas.microsoft.com/developer/msbuild/2003">
  <ItemGroup>
    <ClCompile Include="j1Main.cpp" />
    <ClCompile Include="j1App.cpp" />
    <ClCompile Include="j1Map.cpp" />
    <ClCompile Include="LootEntity.cpp">
      <Filter>Desenvolupament ========\Modules\Entities\Loot</Filter>
    </ClCompile>
    <ClCompile Include="EquipableLoot.cpp">
      <Filter>Desenvolupament ========\Modules\Entities\Loot</Filter>
    </ClCompile>
    <ClCompile Include="ConsumableLoot.cpp">
      <Filter>Desenvolupament ========\Modules\Entities\Loot</Filter>
    </ClCompile>
    <ClCompile Include="PlayerEntity.cpp">
      <Filter>Desenvolupament ========\Modules\Entities\Player</Filter>
    </ClCompile>
    <ClCompile Include="Marche.cpp">
      <Filter>Desenvolupament ========\Modules\Entities\Player</Filter>
    </ClCompile>
    <ClCompile Include="PlayerEntityManager.cpp">
      <Filter>Desenvolupament ========\Modules\Entities\Player</Filter>
    </ClCompile>
    <ClCompile Include="Ritz.cpp">
      <Filter>Desenvolupament ========\Modules\Entities\Player</Filter>
    </ClCompile>
    <ClCompile Include="Shara.cpp">
      <Filter>Desenvolupament ========\Modules\Entities\Player</Filter>
    </ClCompile>
    <ClCompile Include="EnemyTest.cpp">
      <Filter>Desenvolupament ========\Modules\Entities\Enemies</Filter>
    </ClCompile>
    <ClCompile Include="Buff.cpp">
      <Filter>Desenvolupament ========\Modules\Entities</Filter>
    </ClCompile>
    <ClCompile Include="j1Entity.cpp">
      <Filter>Desenvolupament ========\Modules\Entities</Filter>
    </ClCompile>
    <ClCompile Include="j1Scene.cpp">
      <Filter>Desenvolupament ========\Scenes</Filter>
    </ClCompile>
    <ClCompile Include="p2Log.cpp">
      <Filter>p2Help</Filter>
    </ClCompile>
    <ClCompile Include="j1PerfTimer.cpp">
      <Filter>Desenvolupament ========\Tools</Filter>
    </ClCompile>
    <ClCompile Include="j1Timer.cpp">
      <Filter>Desenvolupament ========\Tools</Filter>
    </ClCompile>
    <ClCompile Include="PugiXml\src\pugixml.cpp">
      <Filter>Desenvolupament ========\Tools\PuguiXML</Filter>
    </ClCompile>
    <ClCompile Include="Items.cpp">
      <Filter>Desenvolupament ========\Modules\Entities</Filter>
    </ClCompile>
    <ClCompile Include="j1AttackManager.cpp">
      <Filter>Desenvolupament ========\Modules</Filter>
    </ClCompile>
    <ClCompile Include="j1Audio.cpp">
      <Filter>Desenvolupament ========\Modules</Filter>
    </ClCompile>
    <ClCompile Include="j1BuffManager.cpp">
      <Filter>Desenvolupament ========\Modules</Filter>
    </ClCompile>
    <ClCompile Include="j1EntityFactory.cpp">
      <Filter>Desenvolupament ========\Modules</Filter>
    </ClCompile>
    <ClCompile Include="j1Fonts.cpp">
      <Filter>Desenvolupament ========\Modules</Filter>
    </ClCompile>
    <ClCompile Include="j1Input.cpp">
      <Filter>Desenvolupament ========\Modules</Filter>
    </ClCompile>
    <ClCompile Include="j1ItemsManager.cpp">
      <Filter>Desenvolupament ========\Modules</Filter>
    </ClCompile>
    <ClCompile Include="J1LootManager.cpp">
      <Filter>Desenvolupament ========\Modules</Filter>
    </ClCompile>
    <ClCompile Include="j1ModuleCamera2D.cpp">
      <Filter>Desenvolupament ========\Modules</Filter>
    </ClCompile>
    <ClCompile Include="j1PathFinding.cpp">
      <Filter>Desenvolupament ========\Modules</Filter>
    </ClCompile>
    <ClCompile Include="j1Render.cpp">
      <Filter>Desenvolupament ========\Modules</Filter>
    </ClCompile>
    <ClCompile Include="j1Textures.cpp">
      <Filter>Desenvolupament ========\Modules</Filter>
    </ClCompile>
    <ClCompile Include="j1Window.cpp">
      <Filter>Desenvolupament ========\Modules</Filter>
    </ClCompile>
    <ClCompile Include="j1Gui.cpp">
      <Filter>Desenvolupament ========\Modules\GUI\Core</Filter>
    </ClCompile>
    <ClCompile Include="UiItem.cpp">
      <Filter>Desenvolupament ========\Modules\GUI\Core</Filter>
    </ClCompile>
    <ClCompile Include="UiItem_Label.cpp">
      <Filter>Desenvolupament ========\Modules\GUI\Base Items</Filter>
    </ClCompile>
    <ClCompile Include="UiItem_Image.cpp">
      <Filter>Desenvolupament ========\Modules\GUI\Base Items</Filter>
    </ClCompile>
    <ClCompile Include="UiItem_Checkbox.cpp">
      <Filter>Desenvolupament ========\Modules\GUI\Base Items</Filter>
    </ClCompile>
    <ClCompile Include="UiItem_Button.cpp">
      <Filter>Desenvolupament ========\Modules\GUI\Base Items</Filter>
    </ClCompile>
    <ClCompile Include="UiItem_Bar.cpp">
      <Filter>Desenvolupament ========\Modules\GUI\Base Items</Filter>
    </ClCompile>
    <ClCompile Include="UiItem_CooldownClock.cpp">
      <Filter>Desenvolupament ========\Modules\GUI\SpecialItems</Filter>
    </ClCompile>
    <ClCompile Include="UiItem_HealthBar.cpp">
      <Filter>Desenvolupament ========\Modules\GUI\SpecialItems</Filter>
    </ClCompile>
    <ClCompile Include="UiItem_HitPoint.cpp">
      <Filter>Desenvolupament ========\Modules\GUI\SpecialItems</Filter>
    </ClCompile>
    <ClCompile Include="UiItem_HitPointManager.cpp">
      <Filter>Desenvolupament ========\Modules\GUI\SpecialItems\Managers</Filter>
    </ClCompile>
  </ItemGroup>
  <ItemGroup>
    <ClInclude Include="j1App.h" />
    <ClInclude Include="j1Module.h" />
    <ClInclude Include="LootEntity.h">
      <Filter>Desenvolupament ========\Modules\Entities\Loot</Filter>
    </ClInclude>
    <ClInclude Include="EquipableLoot.h">
      <Filter>Desenvolupament ========\Modules\Entities\Loot</Filter>
    </ClInclude>
    <ClInclude Include="ConsumableLoot.h">
      <Filter>Desenvolupament ========\Modules\Entities\Loot</Filter>
    </ClInclude>
    <ClInclude Include="PlayerEntity.h">
      <Filter>Desenvolupament ========\Modules\Entities\Player</Filter>
    </ClInclude>
    <ClInclude Include="Marche.h">
      <Filter>Desenvolupament ========\Modules\Entities\Player</Filter>
    </ClInclude>
    <ClInclude Include="PlayerEntityManager.h">
      <Filter>Desenvolupament ========\Modules\Entities\Player</Filter>
    </ClInclude>
    <ClInclude Include="Ritz.h">
      <Filter>Desenvolupament ========\Modules\Entities\Player</Filter>
    </ClInclude>
    <ClInclude Include="Shara.h">
      <Filter>Desenvolupament ========\Modules\Entities\Player</Filter>
    </ClInclude>
    <ClInclude Include="EnemyTest.h">
      <Filter>Desenvolupament ========\Modules\Entities\Enemies</Filter>
    </ClInclude>
    <ClInclude Include="Buff.h">
      <Filter>Desenvolupament ========\Modules\Entities</Filter>
    </ClInclude>
    <ClInclude Include="j1Entity.h">
      <Filter>Desenvolupament ========\Modules\Entities</Filter>
    </ClInclude>
    <ClInclude Include="j1Scene.h">
      <Filter>Desenvolupament ========\Scenes</Filter>
    </ClInclude>
    <ClInclude Include="p2Defs.h">
      <Filter>p2Help</Filter>
    </ClInclude>
    <ClInclude Include="p2DynArray.h">
      <Filter>p2Help</Filter>
    </ClInclude>
    <ClInclude Include="p2List.h">
      <Filter>p2Help</Filter>
    </ClInclude>
    <ClInclude Include="p2Log.h">
      <Filter>p2Help</Filter>
    </ClInclude>
    <ClInclude Include="p2Point.h">
      <Filter>p2Help</Filter>
    </ClInclude>
    <ClInclude Include="p2SString.h">
      <Filter>p2Help</Filter>
    </ClInclude>
    <ClInclude Include="j1PerfTimer.h">
      <Filter>Desenvolupament ========\Tools</Filter>
    </ClInclude>
    <ClInclude Include="j1Timer.h">
      <Filter>Desenvolupament ========\Tools</Filter>
    </ClInclude>
    <ClInclude Include="PugiXml\src\pugiconfig.hpp">
      <Filter>Desenvolupament ========\Tools\PuguiXML</Filter>
    </ClInclude>
    <ClInclude Include="PugiXml\src\pugixml.hpp">
      <Filter>Desenvolupament ========\Tools\PuguiXML</Filter>
    </ClInclude>
    <ClInclude Include="Items.h">
      <Filter>Desenvolupament ========\Modules\Entities</Filter>
    </ClInclude>
    <ClInclude Include="j1AttackManager.h">
      <Filter>Desenvolupament ========\Modules</Filter>
    </ClInclude>
    <ClInclude Include="j1Audio.h">
      <Filter>Desenvolupament ========\Modules</Filter>
    </ClInclude>
    <ClInclude Include="j1BuffManager.h">
      <Filter>Desenvolupament ========\Modules</Filter>
    </ClInclude>
    <ClInclude Include="j1EntityFactory.h">
      <Filter>Desenvolupament ========\Modules</Filter>
    </ClInclude>
    <ClInclude Include="j1Fonts.h">
      <Filter>Desenvolupament ========\Modules</Filter>
    </ClInclude>
    <ClInclude Include="j1Input.h">
      <Filter>Desenvolupament ========\Modules</Filter>
    </ClInclude>
    <ClInclude Include="j1ItemsManager.h">
      <Filter>Desenvolupament ========\Modules</Filter>
    </ClInclude>
    <ClInclude Include="j1LootManager.h">
      <Filter>Desenvolupament ========\Modules</Filter>
    </ClInclude>
    <ClInclude Include="j1Map.h">
      <Filter>Desenvolupament ========\Modules</Filter>
    </ClInclude>
    <ClInclude Include="j1ModuleCamera2D.h">
      <Filter>Desenvolupament ========\Modules</Filter>
    </ClInclude>
    <ClInclude Include="j1PathFinding.h">
      <Filter>Desenvolupament ========\Modules</Filter>
    </ClInclude>
    <ClInclude Include="j1Render.h">
      <Filter>Desenvolupament ========\Modules</Filter>
    </ClInclude>
    <ClInclude Include="j1Textures.h">
      <Filter>Desenvolupament ========\Modules</Filter>
    </ClInclude>
    <ClInclude Include="j1Window.h">
      <Filter>Desenvolupament ========\Modules</Filter>
    </ClInclude>
    <ClInclude Include="j1Gui.h">
      <Filter>Desenvolupament ========\Modules\GUI\Core</Filter>
    </ClInclude>
    <ClInclude Include="UiItem.h">
      <Filter>Desenvolupament ========\Modules\GUI\Core</Filter>
    </ClInclude>
    <ClInclude Include="UiItem_Label.h">
      <Filter>Desenvolupament ========\Modules\GUI\Base Items</Filter>
    </ClInclude>
    <ClInclude Include="UiItem_Image.h">
      <Filter>Desenvolupament ========\Modules\GUI\Base Items</Filter>
    </ClInclude>
    <ClInclude Include="UiItem_Checkbox.h">
      <Filter>Desenvolupament ========\Modules\GUI\Base Items</Filter>
    </ClInclude>
    <ClInclude Include="UiItem_Button.h">
      <Filter>Desenvolupament ========\Modules\GUI\Base Items</Filter>
    </ClInclude>
    <ClInclude Include="UiItem_Bar.h">
      <Filter>Desenvolupament ========\Modules\GUI\Base Items</Filter>
    </ClInclude>
    <ClInclude Include="UiItem_CooldownClock.h">
      <Filter>Desenvolupament ========\Modules\GUI\SpecialItems</Filter>
    </ClInclude>
    <ClInclude Include="UiItem_HealthBar.h">
      <Filter>Desenvolupament ========\Modules\GUI\SpecialItems</Filter>
    </ClInclude>
    <ClInclude Include="UiItem_HitPoint.h">
      <Filter>Desenvolupament ========\Modules\GUI\SpecialItems</Filter>
    </ClInclude>
    <ClInclude Include="UiItem_HitPointManager.h">
      <Filter>Desenvolupament ========\Modules\GUI\SpecialItems\Managers</Filter>
    </ClInclude>
  </ItemGroup>
  <ItemGroup>
    <Xml Include="..\Game\config.xml" />
    <Xml Include="..\Game\save_game.xml" />
    <Xml Include="Loot.xml" />
  </ItemGroup>
  <ItemGroup>
    <None Include="..\Game\maps\iso_walk.tmx" />
  </ItemGroup>
  <ItemGroup>
    <Filter Include="Desenvolupament ========">
      <UniqueIdentifier>{09cb9b81-da2c-4058-bc19-2c67af60e181}</UniqueIdentifier>
    </Filter>
    <Filter Include="Desenvolupament ========\Modules">
      <UniqueIdentifier>{8c928176-a081-47b3-b83c-a9cce185d981}</UniqueIdentifier>
    </Filter>
    <Filter Include="Desenvolupament ========\Modules\Entities">
      <UniqueIdentifier>{c8e5e7a2-9529-49ec-ba39-4ca05b322c29}</UniqueIdentifier>
    </Filter>
    <Filter Include="Desenvolupament ========\Modules\Entities\Loot">
      <UniqueIdentifier>{e79ff424-5718-4198-8ad0-6bd90e48e2c3}</UniqueIdentifier>
    </Filter>
    <Filter Include="Desenvolupament ========\Modules\Entities\Player">
      <UniqueIdentifier>{1f2bddaf-9f8a-4531-a64c-5febb152affa}</UniqueIdentifier>
    </Filter>
    <Filter Include="Desenvolupament ========\Modules\Entities\Enemies">
      <UniqueIdentifier>{6996266c-cee6-4812-83c6-e0cd842f4ef5}</UniqueIdentifier>
    </Filter>
    <Filter Include="Desenvolupament ========\Scenes">
      <UniqueIdentifier>{8473c2b8-c816-49e5-b8f3-c7692c5bb735}</UniqueIdentifier>
    </Filter>
    <Filter Include="p2Help">
      <UniqueIdentifier>{871349ab-1a37-4d2e-a6e1-f41fcff2c315}</UniqueIdentifier>
    </Filter>
    <Filter Include="Desenvolupament ========\Tools">
      <UniqueIdentifier>{60a6d022-a421-4da4-8de8-4abdb81c7526}</UniqueIdentifier>
    </Filter>
    <Filter Include="Desenvolupament ========\Tools\PuguiXML">
      <UniqueIdentifier>{3e56f315-21d6-4e35-a6f4-91d398c7217d}</UniqueIdentifier>
    </Filter>
    <Filter Include="Desenvolupament ========\Modules\GUI">
      <UniqueIdentifier>{16c4dab4-89be-4331-bdbc-9651ac3567c6}</UniqueIdentifier>
    </Filter>
    <Filter Include="Desenvolupament ========\Modules\GUI\Base Items">
      <UniqueIdentifier>{8c36b21f-4461-488f-b5d6-9023c349c9ab}</UniqueIdentifier>
    </Filter>
    <Filter Include="Desenvolupament ========\Modules\GUI\SpecialItems">
      <UniqueIdentifier>{3c0641b1-34fc-4b2d-8108-9c4a00235e71}</UniqueIdentifier>
    </Filter>
    <Filter Include="Desenvolupament ========\Modules\GUI\Core">
      <UniqueIdentifier>{b71d5e9f-9222-4079-9480-37d7e7774aea}</UniqueIdentifier>
    </Filter>
    <Filter Include="Desenvolupament ========\Modules\GUI\SpecialItems\Managers">
      <UniqueIdentifier>{2b852de9-6821-490c-9c5c-2adec93c557c}</UniqueIdentifier>
    </Filter>
  </ItemGroup>
</Project>